
Microsoft Visual Studio Solution File, Format Version 12.00
# Visual Studio Version 16
VisualStudioVersion = 16.0.32929.386
MinimumVisualStudioVersion = 10.0.40219.1
Project("{FAE04EC0-301F-11D3-BF4B-00C04F79EFBC}") = "AppHardware", "AppHardware\AppHardware.csproj", "{602A6793-7969-4589-BAB9-09934F9C60FE}"
EndProject
Global
	GlobalSection(SolutionConfigurationPlatforms) = preSolution
		Debug|Any CPU = Debug|Any CPU
		Release|Any CPU = Release|Any CPU
	EndGlobalSection
	GlobalSection(ProjectConfigurationPlatforms) = postSolution
		{602A6793-7969-4589-BAB9-09934F9C60FE}.Debug|Any CPU.ActiveCfg = Debug|Any CPU
		{602A6793-7969-4589-BAB9-09934F9C60FE}.Debug|Any CPU.Build.0 = Debug|Any CPU
		{602A6793-7969-4589-BAB9-09934F9C60FE}.Release|Any CPU.ActiveCfg = Release|Any CPU
		{602A6793-7969-4589-BAB9-09934F9C60FE}.Release|Any CPU.Build.0 = Release|Any CPU
	EndGlobalSection
	GlobalSection(SolutionProperties) = preSolution
		HideSolutionNode = FALSE
	EndGlobalSection
	GlobalSection(ExtensibilityGlobals) = postSolution
		SolutionGuid = {99702C73-1C2E-490E-A6BE-20417A45FDC3}
	EndGlobalSection
EndGlobal
