
Microsoft Visual Studio Solution File, Format Version 12.00
# Visual Studio Version 16
VisualStudioVersion = 16.0.32929.386
MinimumVisualStudioVersion = 10.0.40219.1
Project("{FAE04EC0-301F-11D3-BF4B-00C04F79EFBC}") = "HardwareSIST", "HardwareSIST\HardwareSIST.csproj", "{D22D637D-125D-411F-A48D-B837A92D8A09}"
EndProject
Global
	GlobalSection(SolutionConfigurationPlatforms) = preSolution
		Debug|Any CPU = Debug|Any CPU
		Release|Any CPU = Release|Any CPU
	EndGlobalSection
	GlobalSection(ProjectConfigurationPlatforms) = postSolution
		{D22D637D-125D-411F-A48D-B837A92D8A09}.Debug|Any CPU.ActiveCfg = Debug|Any CPU
		{D22D637D-125D-411F-A48D-B837A92D8A09}.Debug|Any CPU.Build.0 = Debug|Any CPU
		{D22D637D-125D-411F-A48D-B837A92D8A09}.Release|Any CPU.ActiveCfg = Release|Any CPU
		{D22D637D-125D-411F-A48D-B837A92D8A09}.Release|Any CPU.Build.0 = Release|Any CPU
	EndGlobalSection
	GlobalSection(SolutionProperties) = preSolution
		HideSolutionNode = FALSE
	EndGlobalSection
	GlobalSection(ExtensibilityGlobals) = postSolution
		SolutionGuid = {F78EB68A-B782-4D91-8268-65F4C71CC212}
	EndGlobalSection
EndGlobal
